{
    "_meta": {
        "hash": {
            "sha256": "d5296cdc9138caee97c091d8c6e3befae3380f2701b20cdad5cb50c6559a6ccc"
        },
        "pipfile-spec": 6,
        "requires": {},
        "sources": [
            {
                "name": "pypi",
                "url": "https://pypi.org/simple",
                "verify_ssl": true
            }
        ]
    },
    "default": {
        "certifi": {
            "hashes": [
                "sha256:376690d6f16d32f9d1fe8932551d80b23e9d393a8578c5633a2ed39a64861638",
                "sha256:456048c7e371c089d0a77a5212fb37a2c2dce1e24146e3b7e0261736aaeaa22a"
            ],
            "version": "==2018.8.24"
        },
        "chardet": {
            "hashes": [
                "sha256:84ab92ed1c4d4f16916e05906b6b75a6c0fb5db821cc65e70cbd64a3e2a5eaae",
                "sha256:fc323ffcaeaed0e0a02bf4d117757b98aed530d9ed4531e3e15460124c106691"
            ],
            "version": "==3.0.4"
        },
        "idna": {
            "hashes": [
                "sha256:156a6814fb5ac1fc6850fb002e0852d56c0c8d2531923a51032d1b70760e186e",
                "sha256:684a38a6f903c1d71d6d5fac066b58d7768af4de2b832e426ec79c30daa94a16"
            ],
            "version": "==2.7"
        },
        "requests": {
            "hashes": [
                "sha256:63b52e3c866428a224f97cab011de738c36aec0185aa91cfacd418b5d58911d1",
                "sha256:ec22d826a36ed72a7358ff3fe56cbd4ba69dd7a6718ffd450ff0e9df7a47ce6a"
            ],
            "index": "pypi",
            "version": "==2.19.1"
        },
        "simperium3": {
            "hashes": [
                "sha256:35956c8c61112dcd6fa5e3972884c613457a22f5733eb18585630048198175c7",
                "sha256:86f25bc835e8063cf1cb2edb0deec9b52d0302e748a2959fab934ff83c0048d8"
            ],
            "index": "pypi",
            "markers": "python_version >= '2.6' and python_version != '3.1.*' and python_version != '3.2.*' and python_version != '3.3.*' and python_version != '3.0.*' and python_version < '4'",
            "version": "==0.1.0"
        },
        "typing": {
            "hashes": [
                "sha256:4027c5f6127a6267a435201981ba156de91ad0d1d98e9ddc2aa173453453492d",
                "sha256:57dcf675a99b74d64dacf6fba08fb17cf7e3d5fdff53d4a30ea2a5e7e52543d4",
                "sha256:a4c8473ce11a65999c8f59cb093e70686b6c84c98df58c1dae9b3b196089858a"
            ],
            "version": "==3.6.6"
        },
        "urllib3": {
            "hashes": [
                "sha256:a68ac5e15e76e7e5dd2b8f94007233e01effe3e50e8daddf69acfd81cb686baf",
                "sha256:b5725a0bd4ba422ab0e66e89e030c806576753ea3ee08554382c14e685d117b5"
            ],
            "markers": "python_version != '3.0.*' and python_version < '4' and python_version != '3.2.*' and python_version != '3.3.*' and python_version != '3.1.*' and python_version >= '2.6'",
            "version": "==1.23"
        },
        "urwid": {
            "hashes": [
                "sha256:644d3e3900867161a2fc9287a9762753d66bd194754679adb26aede559bcccbc"
            ],
            "index": "pypi",
            "version": "==2.0.1"
        }
    },
    "develop": {
        "certifi": {
            "hashes": [
                "sha256:376690d6f16d32f9d1fe8932551d80b23e9d393a8578c5633a2ed39a64861638",
                "sha256:456048c7e371c089d0a77a5212fb37a2c2dce1e24146e3b7e0261736aaeaa22a"
            ],
            "version": "==2018.8.24"
        },
        "chardet": {
            "hashes": [
                "sha256:84ab92ed1c4d4f16916e05906b6b75a6c0fb5db821cc65e70cbd64a3e2a5eaae",
                "sha256:fc323ffcaeaed0e0a02bf4d117757b98aed530d9ed4531e3e15460124c106691"
            ],
            "version": "==3.0.4"
        },
        "e1839a8": {
            "editable": true,
            "path": "."
        },
        "idna": {
            "hashes": [
                "sha256:156a6814fb5ac1fc6850fb002e0852d56c0c8d2531923a51032d1b70760e186e",
                "sha256:684a38a6f903c1d71d6d5fac066b58d7768af4de2b832e426ec79c30daa94a16"
            ],
            "version": "==2.7"
        },
        "mypy": {
            "hashes": [
                "sha256:673ea75fb750289b7d1da1331c125dc62fc1c3a8db9129bb372ae7b7d5bf300a",
                "sha256:c770605a579fdd4a014e9f0a34b6c7a36ce69b08100ff728e96e27445cef3b3c"
            ],
            "index": "pypi",
            "version": "==0.620"
        },
        "requests": {
            "hashes": [
                "sha256:63b52e3c866428a224f97cab011de738c36aec0185aa91cfacd418b5d58911d1",
                "sha256:ec22d826a36ed72a7358ff3fe56cbd4ba69dd7a6718ffd450ff0e9df7a47ce6a"
            ],
            "index": "pypi",
            "version": "==2.19.1"
        },
        "simperium3": {
            "hashes": [
                "sha256:35956c8c61112dcd6fa5e3972884c613457a22f5733eb18585630048198175c7",
                "sha256:86f25bc835e8063cf1cb2edb0deec9b52d0302e748a2959fab934ff83c0048d8"
            ],
            "index": "pypi",
            "markers": "python_version >= '2.6' and python_version != '3.1.*' and python_version != '3.2.*' and python_version != '3.3.*' and python_version != '3.0.*' and python_version < '4'",
            "version": "==0.1.0"
        },
        "typed-ast": {
            "hashes": [
                "sha256:0948004fa228ae071054f5208840a1e88747a357ec1101c17217bfe99b299d58",
                "sha256:10703d3cec8dcd9eef5a630a04056bbc898abc19bac5691612acba7d1325b66d",
                "sha256:1f6c4bd0bdc0f14246fd41262df7dfc018d65bb05f6e16390b7ea26ca454a291",
                "sha256:25d8feefe27eb0303b73545416b13d108c6067b846b543738a25ff304824ed9a",
                "sha256:29464a177d56e4e055b5f7b629935af7f49c196be47528cc94e0a7bf83fbc2b9",
                "sha256:2e214b72168ea0275efd6c884b114ab42e316de3ffa125b267e732ed2abda892",
                "sha256:3e0d5e48e3a23e9a4d1a9f698e32a542a4a288c871d33ed8df1b092a40f3a0f9",
                "sha256:519425deca5c2b2bdac49f77b2c5625781abbaf9a809d727d3a5596b30bb4ded",
                "sha256:57fe287f0cdd9ceaf69e7b71a2e94a24b5d268b35df251a88fef5cc241bf73aa",
                "sha256:668d0cec391d9aed1c6a388b0d5b97cd22e6073eaa5fbaa6d2946603b4871efe",
                "sha256:68ba70684990f59497680ff90d18e756a47bf4863c604098f10de9716b2c0bdd",
                "sha256:6de012d2b166fe7a4cdf505eee3aaa12192f7ba365beeefaca4ec10e31241a85",
                "sha256:79b91ebe5a28d349b6d0d323023350133e927b4de5b651a8aa2db69c761420c6",
                "sha256:8550177fa5d4c1f09b5e5f524411c44633c80ec69b24e0e98906dd761941ca46",
                "sha256:898f818399cafcdb93cbbe15fc83a33d05f18e29fb498ddc09b0214cdfc7cd51",
                "sha256:94b091dc0f19291adcb279a108f5d38de2430411068b219f41b343c03b28fb1f",
                "sha256:a26863198902cda15ab4503991e8cf1ca874219e0118cbf07c126bce7c4db129",
                "sha256:a8034021801bc0440f2e027c354b4eafd95891b573e12ff0418dec385c76785c",
                "sha256:bc978ac17468fe868ee589c795d06777f75496b1ed576d308002c8a5756fb9ea",
                "sha256:c05b41bc1deade9f90ddc5d988fe506208019ebba9f2578c622516fd201f5863",
                "sha256:c9b060bd1e5a26ab6e8267fd46fc9e02b54eb15fffb16d112d4c7b1c12987559",
                "sha256:edb04bdd45bfd76c8292c4d9654568efaedf76fe78eb246dde69bdb13b2dad87",
                "sha256:f19f2a4f547505fe9072e15f6f4ae714af51b5a681a97f187971f50c283193b6"
            ],
            "version": "==1.1.0"
        },
        "typing": {
            "hashes": [
                "sha256:4027c5f6127a6267a435201981ba156de91ad0d1d98e9ddc2aa173453453492d",
                "sha256:57dcf675a99b74d64dacf6fba08fb17cf7e3d5fdff53d4a30ea2a5e7e52543d4",
                "sha256:a4c8473ce11a65999c8f59cb093e70686b6c84c98df58c1dae9b3b196089858a"
            ],
            "version": "==3.6.6"
        },
        "urllib3": {
            "hashes": [
                "sha256:a68ac5e15e76e7e5dd2b8f94007233e01effe3e50e8daddf69acfd81cb686baf",
                "sha256:b5725a0bd4ba422ab0e66e89e030c806576753ea3ee08554382c14e685d117b5"
            ],
            "markers": "python_version != '3.0.*' and python_version < '4' and python_version != '3.2.*' and python_version != '3.3.*' and python_version != '3.1.*' and python_version >= '2.6'",
            "version": "==1.23"
        },
        "urwid": {
            "hashes": [
                "sha256:644d3e3900867161a2fc9287a9762753d66bd194754679adb26aede559bcccbc"
            ],
            "index": "pypi",
            "version": "==2.0.1"
        }
    }
}
